
Microsoft Visual Studio Solution File, Format Version 12.00
# Visual Studio 15
VisualStudioVersion = 15.0.28010.2036
MinimumVisualStudioVersion = 10.0.40219.1
Project("{FAE04EC0-301F-11D3-BF4B-00C04F79EFBC}") = "CS3280InvoiceSystem", "CS3280InvoiceSystem\CS3280InvoiceSystem.csproj", "{A0D13124-8BBD-432B-B5E4-F4DC13EA7DC5}"
EndProject
Global
	GlobalSection(SolutionConfigurationPlatforms) = preSolution
		Debug|Any CPU = Debug|Any CPU
		Release|Any CPU = Release|Any CPU
	EndGlobalSection
	GlobalSection(ProjectConfigurationPlatforms) = postSolution
		{A0D13124-8BBD-432B-B5E4-F4DC13EA7DC5}.Debug|Any CPU.ActiveCfg = Debug|Any CPU
		{A0D13124-8BBD-432B-B5E4-F4DC13EA7DC5}.Debug|Any CPU.Build.0 = Debug|Any CPU
		{A0D13124-8BBD-432B-B5E4-F4DC13EA7DC5}.Release|Any CPU.ActiveCfg = Release|Any CPU
		{A0D13124-8BBD-432B-B5E4-F4DC13EA7DC5}.Release|Any CPU.Build.0 = Release|Any CPU
	EndGlobalSection
	GlobalSection(SolutionProperties) = preSolution
		HideSolutionNode = FALSE
	EndGlobalSection
	GlobalSection(ExtensibilityGlobals) = postSolution
		SolutionGuid = {6E5BD94B-A98D-404C-95C6-3A281061A97A}
	EndGlobalSection
EndGlobal
